{
  "version": 4,
  "terraform_version": "1.1.9",
  "serial": 565,
  "lineage": "6a82541a-c409-b33f-123f-1573f2019878",
  "outputs": {},
  "resources": [
    {
      "mode": "managed",
      "type": "azurerm_lb",
      "name": "load-bal",
      "provider": "provider[\"registry.terraform.io/hashicorp/azurerm\"]",
      "instances": [
        {
          "schema_version": 0,
          "attributes": {
            "edge_zone": "",
            "frontend_ip_configuration": [
              {
                "gateway_load_balancer_frontend_ip_configuration_id": "",
                "id": "/subscriptions/42f579f5-4b0e-4be1-9642-734fcdd689bf/resourceGroups/vm-test-group/providers/Microsoft.Network/loadBalancers/LoadBal/frontendIPConfigurations/public-ip-address",
                "inbound_nat_rules": [
                  "/subscriptions/42f579f5-4b0e-4be1-9642-734fcdd689bf/resourceGroups/vm-test-group/providers/Microsoft.Network/loadBalancers/LoadBal/inboundNatRules/ssh"
                ],
                "load_balancer_rules": [
                  "/subscriptions/42f579f5-4b0e-4be1-9642-734fcdd689bf/resourceGroups/vm-test-group/providers/Microsoft.Network/loadBalancers/LoadBal/loadBalancingRules/http"
                ],
                "name": "public-ip-address",
                "outbound_rules": [],
                "private_ip_address": "",
                "private_ip_address_allocation": "Dynamic",
                "private_ip_address_version": "",
                "public_ip_address_id": "/subscriptions/42f579f5-4b0e-4be1-9642-734fcdd689bf/resourceGroups/vm-test-group/providers/Microsoft.Network/publicIPAddresses/lb-ip",
                "public_ip_prefix_id": "",
                "subnet_id": "",
                "zones": []
              }
            ],
            "id": "/subscriptions/42f579f5-4b0e-4be1-9642-734fcdd689bf/resourceGroups/vm-test-group/providers/Microsoft.Network/loadBalancers/LoadBal",
            "location": "centralus",
            "name": "LoadBal",
            "private_ip_address": "",
            "private_ip_addresses": [],
            "resource_group_name": "vm-test-group",
            "sku": "Basic",
            "sku_tier": "Regional",
            "tags": {},
            "timeouts": null
          },
          "sensitive_attributes": [],
          "private": "eyJlMmJmYjczMC1lY2FhLTExZTYtOGY4OC0zNDM2M2JjN2M0YzAiOnsiY3JlYXRlIjoxODAwMDAwMDAwMDAwLCJkZWxldGUiOjE4MDAwMDAwMDAwMDAsInJlYWQiOjMwMDAwMDAwMDAwMCwidXBkYXRlIjoxODAwMDAwMDAwMDAwfX0=",
          "dependencies": [
            "azurerm_public_ip.lb-ip",
            "azurerm_resource_group.vm-group"
          ]
        }
      ]
    },
    {
      "mode": "managed",
      "type": "azurerm_lb_backend_address_pool",
      "name": "lb-backend",
      "provider": "provider[\"registry.terraform.io/hashicorp/azurerm\"]",
      "instances": [
        {
          "schema_version": 0,
          "attributes": {
            "backend_ip_configurations": [
              "/subscriptions/42f579f5-4b0e-4be1-9642-734fcdd689bf/resourceGroups/vm-test-group/providers/Microsoft.Network/networkInterfaces/vm-nic/ipConfigurations/internal"
            ],
            "id": "/subscriptions/42f579f5-4b0e-4be1-9642-734fcdd689bf/resourceGroups/vm-test-group/providers/Microsoft.Network/loadBalancers/LoadBal/backendAddressPools/backend-address-pool",
            "load_balancing_rules": [
              "/subscriptions/42f579f5-4b0e-4be1-9642-734fcdd689bf/resourceGroups/vm-test-group/providers/Microsoft.Network/loadBalancers/LoadBal/loadBalancingRules/http"
            ],
            "loadbalancer_id": "/subscriptions/42f579f5-4b0e-4be1-9642-734fcdd689bf/resourceGroups/vm-test-group/providers/Microsoft.Network/loadBalancers/LoadBal",
            "name": "backend-address-pool",
            "outbound_rules": [],
            "timeouts": null,
            "tunnel_interface": []
          },
          "sensitive_attributes": [],
          "private": "eyJlMmJmYjczMC1lY2FhLTExZTYtOGY4OC0zNDM2M2JjN2M0YzAiOnsiY3JlYXRlIjoxODAwMDAwMDAwMDAwLCJkZWxldGUiOjE4MDAwMDAwMDAwMDAsInJlYWQiOjMwMDAwMDAwMDAwMCwidXBkYXRlIjoxODAwMDAwMDAwMDAwfX0=",
          "dependencies": [
            "azurerm_lb.load-bal",
            "azurerm_public_ip.lb-ip",
            "azurerm_resource_group.vm-group"
          ]
        }
      ]
    },
    {
      "mode": "managed",
      "type": "azurerm_network_interface",
      "name": "vm-nic",
      "provider": "provider[\"registry.terraform.io/hashicorp/azurerm\"]",
      "instances": [
        {
          "schema_version": 0,
          "attributes": {
            "applied_dns_servers": [],
            "dns_servers": [],
            "edge_zone": "",
            "enable_accelerated_networking": false,
            "enable_ip_forwarding": false,
            "id": "/subscriptions/42f579f5-4b0e-4be1-9642-734fcdd689bf/resourceGroups/vm-test-group/providers/Microsoft.Network/networkInterfaces/vm-nic",
            "internal_dns_name_label": "",
            "internal_domain_name_suffix": "smnsib2vgyae1btnsc4rulp1kc.gx.internal.cloudapp.net",
            "ip_configuration": [
              {
                "gateway_load_balancer_frontend_ip_configuration_id": "",
                "name": "internal",
                "primary": true,
                "private_ip_address": "10.0.2.4",
                "private_ip_address_allocation": "Dynamic",
                "private_ip_address_version": "IPv4",
                "public_ip_address_id": "",
                "subnet_id": "/subscriptions/42f579f5-4b0e-4be1-9642-734fcdd689bf/resourceGroups/vm-test-group/providers/Microsoft.Network/virtualNetworks/vm-network/subnets/vm-subnet"
              }
            ],
            "location": "centralus",
            "mac_address": "00-0D-3A-9F-06-B2",
            "name": "vm-nic",
            "private_ip_address": "10.0.2.4",
            "private_ip_addresses": [
              "10.0.2.4"
            ],
            "resource_group_name": "vm-test-group",
            "tags": {},
            "timeouts": null,
            "virtual_machine_id": "/subscriptions/42f579f5-4b0e-4be1-9642-734fcdd689bf/resourceGroups/vm-test-group/providers/Microsoft.Compute/virtualMachines/test-vm"
          },
          "sensitive_attributes": [],
          "private": "eyJlMmJmYjczMC1lY2FhLTExZTYtOGY4OC0zNDM2M2JjN2M0YzAiOnsiY3JlYXRlIjoxODAwMDAwMDAwMDAwLCJkZWxldGUiOjE4MDAwMDAwMDAwMDAsInJlYWQiOjMwMDAwMDAwMDAwMCwidXBkYXRlIjoxODAwMDAwMDAwMDAwfX0=",
          "dependencies": [
            "azurerm_resource_group.vm-group",
            "azurerm_subnet.vm-subnet",
            "azurerm_virtual_network.vm-network"
          ]
        }
      ]
    },
    {
      "mode": "managed",
      "type": "azurerm_network_interface_backend_address_pool_association",
      "name": "connect",
      "provider": "provider[\"registry.terraform.io/hashicorp/azurerm\"]",
      "instances": [
        {
          "schema_version": 0,
          "attributes": {
            "backend_address_pool_id": "/subscriptions/42f579f5-4b0e-4be1-9642-734fcdd689bf/resourceGroups/vm-test-group/providers/Microsoft.Network/loadBalancers/LoadBal/backendAddressPools/backend-address-pool",
            "id": "/subscriptions/42f579f5-4b0e-4be1-9642-734fcdd689bf/resourceGroups/vm-test-group/providers/Microsoft.Network/networkInterfaces/vm-nic/ipConfigurations/internal|/subscriptions/42f579f5-4b0e-4be1-9642-734fcdd689bf/resourceGroups/vm-test-group/providers/Microsoft.Network/loadBalancers/LoadBal/backendAddressPools/backend-address-pool",
            "ip_configuration_name": "internal",
            "network_interface_id": "/subscriptions/42f579f5-4b0e-4be1-9642-734fcdd689bf/resourceGroups/vm-test-group/providers/Microsoft.Network/networkInterfaces/vm-nic",
            "timeouts": null
          },
          "sensitive_attributes": [],
          "private": "eyJlMmJmYjczMC1lY2FhLTExZTYtOGY4OC0zNDM2M2JjN2M0YzAiOnsiY3JlYXRlIjoxODAwMDAwMDAwMDAwLCJkZWxldGUiOjE4MDAwMDAwMDAwMDAsInJlYWQiOjMwMDAwMDAwMDAwMCwidXBkYXRlIjoxODAwMDAwMDAwMDAwfX0=",
          "dependencies": [
            "azurerm_lb.load-bal",
            "azurerm_lb_backend_address_pool.lb-backend",
            "azurerm_network_interface.vm-nic",
            "azurerm_public_ip.lb-ip",
            "azurerm_resource_group.vm-group",
            "azurerm_subnet.vm-subnet",
            "azurerm_virtual_network.vm-network"
          ]
        }
      ]
    },
    {
      "mode": "managed",
      "type": "azurerm_public_ip",
      "name": "lb-ip",
      "provider": "provider[\"registry.terraform.io/hashicorp/azurerm\"]",
      "instances": [
        {
          "schema_version": 0,
          "attributes": {
            "allocation_method": "Static",
            "domain_name_label": null,
            "edge_zone": "",
            "fqdn": null,
            "id": "/subscriptions/42f579f5-4b0e-4be1-9642-734fcdd689bf/resourceGroups/vm-test-group/providers/Microsoft.Network/publicIPAddresses/lb-ip",
            "idle_timeout_in_minutes": 4,
            "ip_address": "13.89.217.76",
            "ip_tags": {},
            "ip_version": "IPv4",
            "location": "centralus",
            "name": "lb-ip",
            "public_ip_prefix_id": null,
            "resource_group_name": "vm-test-group",
            "reverse_fqdn": null,
            "sku": "Basic",
            "sku_tier": "Regional",
            "tags": {},
            "timeouts": null,
            "zones": []
          },
          "sensitive_attributes": [],
          "private": "eyJlMmJmYjczMC1lY2FhLTExZTYtOGY4OC0zNDM2M2JjN2M0YzAiOnsiY3JlYXRlIjoxODAwMDAwMDAwMDAwLCJkZWxldGUiOjE4MDAwMDAwMDAwMDAsInJlYWQiOjMwMDAwMDAwMDAwMCwidXBkYXRlIjoxODAwMDAwMDAwMDAwfX0=",
          "dependencies": [
            "azurerm_resource_group.vm-group"
          ]
        }
      ]
    },
    {
      "mode": "managed",
      "type": "azurerm_resource_group",
      "name": "vm-group",
      "provider": "provider[\"registry.terraform.io/hashicorp/azurerm\"]",
      "instances": [
        {
          "schema_version": 0,
          "attributes": {
            "id": "/subscriptions/42f579f5-4b0e-4be1-9642-734fcdd689bf/resourceGroups/vm-test-group",
            "location": "centralus",
            "name": "vm-test-group",
            "tags": {},
            "timeouts": null
          },
          "sensitive_attributes": [],
          "private": "eyJlMmJmYjczMC1lY2FhLTExZTYtOGY4OC0zNDM2M2JjN2M0YzAiOnsiY3JlYXRlIjo1NDAwMDAwMDAwMDAwLCJkZWxldGUiOjU0MDAwMDAwMDAwMDAsInJlYWQiOjMwMDAwMDAwMDAwMCwidXBkYXRlIjo1NDAwMDAwMDAwMDAwfX0="
        }
      ]
    },
    {
      "mode": "managed",
      "type": "azurerm_subnet",
      "name": "vm-subnet",
      "provider": "provider[\"registry.terraform.io/hashicorp/azurerm\"]",
      "instances": [
        {
          "schema_version": 0,
          "attributes": {
            "address_prefixes": [
              "10.0.2.0/24"
            ],
            "delegation": [],
            "enforce_private_link_endpoint_network_policies": false,
            "enforce_private_link_service_network_policies": false,
            "id": "/subscriptions/42f579f5-4b0e-4be1-9642-734fcdd689bf/resourceGroups/vm-test-group/providers/Microsoft.Network/virtualNetworks/vm-network/subnets/vm-subnet",
            "name": "vm-subnet",
            "resource_group_name": "vm-test-group",
            "service_endpoint_policy_ids": [],
            "service_endpoints": [],
            "timeouts": null,
            "virtual_network_name": "vm-network"
          },
          "sensitive_attributes": [],
          "private": "eyJlMmJmYjczMC1lY2FhLTExZTYtOGY4OC0zNDM2M2JjN2M0YzAiOnsiY3JlYXRlIjoxODAwMDAwMDAwMDAwLCJkZWxldGUiOjE4MDAwMDAwMDAwMDAsInJlYWQiOjMwMDAwMDAwMDAwMCwidXBkYXRlIjoxODAwMDAwMDAwMDAwfX0=",
          "dependencies": [
            "azurerm_resource_group.vm-group",
            "azurerm_virtual_network.vm-network"
          ]
        }
      ]
    },
    {
      "mode": "managed",
      "type": "azurerm_virtual_network",
      "name": "vm-network",
      "provider": "provider[\"registry.terraform.io/hashicorp/azurerm\"]",
      "instances": [
        {
          "schema_version": 0,
          "attributes": {
            "address_space": [
              "10.0.0.0/16"
            ],
            "bgp_community": "",
            "ddos_protection_plan": [],
            "dns_servers": [],
            "edge_zone": "",
            "flow_timeout_in_minutes": 0,
            "guid": "07241b93-3695-4d00-866d-90bd1a2dfb52",
            "id": "/subscriptions/42f579f5-4b0e-4be1-9642-734fcdd689bf/resourceGroups/vm-test-group/providers/Microsoft.Network/virtualNetworks/vm-network",
            "location": "centralus",
            "name": "vm-network",
            "resource_group_name": "vm-test-group",
            "subnet": [
              {
                "address_prefix": "10.0.2.0/24",
                "id": "/subscriptions/42f579f5-4b0e-4be1-9642-734fcdd689bf/resourceGroups/vm-test-group/providers/Microsoft.Network/virtualNetworks/vm-network/subnets/vm-subnet",
                "name": "vm-subnet",
                "security_group": ""
              }
            ],
            "tags": {},
            "timeouts": null
          },
          "sensitive_attributes": [],
          "private": "eyJlMmJmYjczMC1lY2FhLTExZTYtOGY4OC0zNDM2M2JjN2M0YzAiOnsiY3JlYXRlIjoxODAwMDAwMDAwMDAwLCJkZWxldGUiOjE4MDAwMDAwMDAwMDAsInJlYWQiOjMwMDAwMDAwMDAwMCwidXBkYXRlIjoxODAwMDAwMDAwMDAwfX0=",
          "dependencies": [
            "azurerm_resource_group.vm-group"
          ]
        }
      ]
    }
  ]
}
