{
  "version": 4,
  "terraform_version": "1.1.9",
  "serial": 557,
  "lineage": "6a82541a-c409-b33f-123f-1573f2019878",
  "outputs": {},
  "resources": [
    {
      "mode": "managed",
      "type": "azurerm_lb",
      "name": "load-bal",
      "provider": "provider[\"registry.terraform.io/hashicorp/azurerm\"]",
      "instances": [
        {
          "schema_version": 0,
          "attributes": {
            "edge_zone": "",
            "frontend_ip_configuration": [
              {
                "gateway_load_balancer_frontend_ip_configuration_id": "",
                "id": "/subscriptions/42f579f5-4b0e-4be1-9642-734fcdd689bf/resourceGroups/vm-test-group/providers/Microsoft.Network/loadBalancers/LoadBal/frontendIPConfigurations/public-ip-address",
                "inbound_nat_rules": [
                  "/subscriptions/42f579f5-4b0e-4be1-9642-734fcdd689bf/resourceGroups/vm-test-group/providers/Microsoft.Network/loadBalancers/LoadBal/inboundNatRules/ssh"
                ],
                "load_balancer_rules": [],
                "name": "public-ip-address",
                "outbound_rules": [],
                "private_ip_address": "",
                "private_ip_address_allocation": "Dynamic",
                "private_ip_address_version": "",
                "public_ip_address_id": "/subscriptions/42f579f5-4b0e-4be1-9642-734fcdd689bf/resourceGroups/vm-test-group/providers/Microsoft.Network/publicIPAddresses/lb-ip",
                "public_ip_prefix_id": "",
                "subnet_id": "",
                "zones": []
              }
            ],
            "id": "/subscriptions/42f579f5-4b0e-4be1-9642-734fcdd689bf/resourceGroups/vm-test-group/providers/Microsoft.Network/loadBalancers/LoadBal",
            "location": "centralus",
            "name": "LoadBal",
            "private_ip_address": "",
            "private_ip_addresses": [],
            "resource_group_name": "vm-test-group",
            "sku": "Basic",
            "sku_tier": "Regional",
            "tags": {},
            "timeouts": null
          },
          "sensitive_attributes": [],
          "private": "eyJlMmJmYjczMC1lY2FhLTExZTYtOGY4OC0zNDM2M2JjN2M0YzAiOnsiY3JlYXRlIjoxODAwMDAwMDAwMDAwLCJkZWxldGUiOjE4MDAwMDAwMDAwMDAsInJlYWQiOjMwMDAwMDAwMDAwMCwidXBkYXRlIjoxODAwMDAwMDAwMDAwfX0=",
          "dependencies": [
            "azurerm_public_ip.lb-ip",
            "azurerm_resource_group.vm-group"
          ]
        }
      ]
    },
    {
      "mode": "managed",
      "type": "azurerm_lb_backend_address_pool",
      "name": "lb-backend",
      "provider": "provider[\"registry.terraform.io/hashicorp/azurerm\"]",
      "instances": [
        {
          "schema_version": 0,
          "attributes": {
            "backend_ip_configurations": [
              "/subscriptions/42f579f5-4b0e-4be1-9642-734fcdd689bf/resourceGroups/vm-test-group/providers/Microsoft.Network/networkInterfaces/vm-nic/ipConfigurations/internal"
            ],
            "id": "/subscriptions/42f579f5-4b0e-4be1-9642-734fcdd689bf/resourceGroups/vm-test-group/providers/Microsoft.Network/loadBalancers/LoadBal/backendAddressPools/backend-address-pool",
            "load_balancing_rules": [],
            "loadbalancer_id": "/subscriptions/42f579f5-4b0e-4be1-9642-734fcdd689bf/resourceGroups/vm-test-group/providers/Microsoft.Network/loadBalancers/LoadBal",
            "name": "backend-address-pool",
            "outbound_rules": [],
            "timeouts": null,
            "tunnel_interface": []
          },
          "sensitive_attributes": [],
          "private": "eyJlMmJmYjczMC1lY2FhLTExZTYtOGY4OC0zNDM2M2JjN2M0YzAiOnsiY3JlYXRlIjoxODAwMDAwMDAwMDAwLCJkZWxldGUiOjE4MDAwMDAwMDAwMDAsInJlYWQiOjMwMDAwMDAwMDAwMCwidXBkYXRlIjoxODAwMDAwMDAwMDAwfX0=",
          "dependencies": [
            "azurerm_lb.load-bal",
            "azurerm_public_ip.lb-ip",
            "azurerm_resource_group.vm-group"
          ]
        }
      ]
    },
    {
      "mode": "managed",
      "type": "azurerm_lb_nat_rule",
      "name": "ssh-rule",
      "provider": "provider[\"registry.terraform.io/hashicorp/azurerm\"]",
      "instances": [
        {
          "schema_version": 0,
          "attributes": {
            "backend_ip_configuration_id": "/subscriptions/42f579f5-4b0e-4be1-9642-734fcdd689bf/resourceGroups/vm-test-group/providers/Microsoft.Network/networkInterfaces/vm-nic/ipConfigurations/internal",
            "backend_port": 22,
            "enable_floating_ip": false,
            "enable_tcp_reset": false,
            "frontend_ip_configuration_id": "/subscriptions/42f579f5-4b0e-4be1-9642-734fcdd689bf/resourceGroups/vm-test-group/providers/Microsoft.Network/loadBalancers/LoadBal/frontendIPConfigurations/public-ip-address",
            "frontend_ip_configuration_name": "public-ip-address",
            "frontend_port": 1022,
            "id": "/subscriptions/42f579f5-4b0e-4be1-9642-734fcdd689bf/resourceGroups/vm-test-group/providers/Microsoft.Network/loadBalancers/LoadBal/inboundNatRules/ssh",
            "idle_timeout_in_minutes": 4,
            "loadbalancer_id": "/subscriptions/42f579f5-4b0e-4be1-9642-734fcdd689bf/resourceGroups/vm-test-group/providers/Microsoft.Network/loadBalancers/LoadBal",
            "name": "ssh",
            "protocol": "Tcp",
            "resource_group_name": "vm-test-group",
            "timeouts": null
          },
          "sensitive_attributes": [],
          "private": "eyJlMmJmYjczMC1lY2FhLTExZTYtOGY4OC0zNDM2M2JjN2M0YzAiOnsiY3JlYXRlIjoxODAwMDAwMDAwMDAwLCJkZWxldGUiOjE4MDAwMDAwMDAwMDAsInJlYWQiOjMwMDAwMDAwMDAwMCwidXBkYXRlIjoxODAwMDAwMDAwMDAwfX0=",
          "dependencies": [
            "azurerm_lb.load-bal",
            "azurerm_public_ip.lb-ip",
            "azurerm_resource_group.vm-group"
          ]
        }
      ]
    },
    {
      "mode": "managed",
      "type": "azurerm_lb_probe",
      "name": "web-probe",
      "provider": "provider[\"registry.terraform.io/hashicorp/azurerm\"]",
      "instances": [
        {
          "schema_version": 0,
          "attributes": {
            "id": "/subscriptions/42f579f5-4b0e-4be1-9642-734fcdd689bf/resourceGroups/vm-test-group/providers/Microsoft.Network/loadBalancers/LoadBal/probes/web-probe",
            "interval_in_seconds": 15,
            "load_balancer_rules": [],
            "loadbalancer_id": "/subscriptions/42f579f5-4b0e-4be1-9642-734fcdd689bf/resourceGroups/vm-test-group/providers/Microsoft.Network/loadBalancers/LoadBal",
            "name": "web-probe",
            "number_of_probes": 2,
            "port": 80,
            "protocol": "Tcp",
            "request_path": "",
            "timeouts": null
          },
          "sensitive_attributes": [],
          "private": "eyJlMmJmYjczMC1lY2FhLTExZTYtOGY4OC0zNDM2M2JjN2M0YzAiOnsiY3JlYXRlIjoxODAwMDAwMDAwMDAwLCJkZWxldGUiOjE4MDAwMDAwMDAwMDAsInJlYWQiOjMwMDAwMDAwMDAwMCwidXBkYXRlIjoxODAwMDAwMDAwMDAwfX0=",
          "dependencies": [
            "azurerm_lb.load-bal"
          ]
        }
      ]
    },
    {
      "mode": "managed",
      "type": "azurerm_lb_rule",
      "name": "http",
      "provider": "provider[\"registry.terraform.io/hashicorp/azurerm\"]",
      "instances": [
        {
          "schema_version": 0,
          "attributes": {
            "backend_address_pool_ids": [
              "/subscriptions/42f579f5-4b0e-4be1-9642-734fcdd689bf/resourceGroups/vm-test-group/providers/Microsoft.Network/loadBalancers/LoadBal/backendAddressPools/backend-address-pool"
            ],
            "backend_port": 80,
            "disable_outbound_snat": false,
            "enable_floating_ip": false,
            "enable_tcp_reset": false,
            "frontend_ip_configuration_id": "/subscriptions/42f579f5-4b0e-4be1-9642-734fcdd689bf/resourceGroups/vm-test-group/providers/Microsoft.Network/loadBalancers/LoadBal/frontendIPConfigurations/public-ip-address",
            "frontend_ip_configuration_name": "public-ip-address",
            "frontend_port": 80,
            "id": "/subscriptions/42f579f5-4b0e-4be1-9642-734fcdd689bf/resourceGroups/vm-test-group/providers/Microsoft.Network/loadBalancers/LoadBal/loadBalancingRules/http",
            "idle_timeout_in_minutes": 4,
            "load_distribution": "Default",
            "loadbalancer_id": "/subscriptions/42f579f5-4b0e-4be1-9642-734fcdd689bf/resourceGroups/vm-test-group/providers/Microsoft.Network/loadBalancers/LoadBal",
            "name": "http",
            "probe_id": "/subscriptions/42f579f5-4b0e-4be1-9642-734fcdd689bf/resourceGroups/vm-test-group/providers/Microsoft.Network/loadBalancers/LoadBal/probes/web-probe",
            "protocol": "Tcp",
            "timeouts": null
          },
          "sensitive_attributes": [],
          "private": "eyJlMmJmYjczMC1lY2FhLTExZTYtOGY4OC0zNDM2M2JjN2M0YzAiOnsiY3JlYXRlIjoxODAwMDAwMDAwMDAwLCJkZWxldGUiOjE4MDAwMDAwMDAwMDAsInJlYWQiOjMwMDAwMDAwMDAwMCwidXBkYXRlIjoxODAwMDAwMDAwMDAwfX0=",
          "dependencies": [
            "azurerm_lb.load-bal",
            "azurerm_lb_backend_address_pool.lb-backend",
            "azurerm_lb_probe.web-probe"
          ]
        }
      ]
    },
    {
      "mode": "managed",
      "type": "azurerm_linux_virtual_machine",
      "name": "linux-vm",
      "provider": "provider[\"registry.terraform.io/hashicorp/azurerm\"]",
      "instances": [
        {
          "schema_version": 0,
          "attributes": {
            "additional_capabilities": [],
            "admin_password": null,
            "admin_ssh_key": [
              {
                "public_key": "ssh-rsa AAAAB3NzaC1yc2EAAAADAQABAAABgQDieWxukUIxufYNEsh7/TGQ/P5bwthmi8e9d1sqg9LbyUXEe7ZVg9klOHmsJ9AXLVsw12hqqwpikwlVXtWiCXm4vxHmLiKAxIXBR7OTS7VhTx5A7PHu2JG1onb7+ZiK0KhpZflhz1zZVdQZZvMRxeb/qkpttybxaCEt0N7LeZaMjzvvPlpK5uH/lpeRM5OSqPN1WU624OTUIYxohb0OEXEGONOIUdPUykg/PLkbE1eQ7VmWruXG8gQuTE3u/TKIYKiy0lgkwsWmb6VIuDqpp+twlC4ICK3HvrjcZkMRQZSsPwC22ScgVD6oehbwygr1L275MB8eqvFcASOr4bkgmf/slzSMcl9NKMLwao+9kU4sQOFxmf95CdHomSe4P/BBucJJFLsTnLQtSoJ2T/DpfcoGUAxWgrJSRsevr/qYsjQrLZwUkz/RyFbPFc2xbEaxpyS1UqWfVUSlmWYs7Acj4zK0vzMLy7aiF1gsCESUcVK7pAMJoCL7je6B33sBrSKQaB0= jexko@Peter-PC\n",
                "username": "adminuser"
              }
            ],
            "admin_username": "adminuser",
            "allow_extension_operations": true,
            "availability_set_id": "",
            "boot_diagnostics": [],
            "computer_name": "test-vm",
            "custom_data": "IyEvYmluL3NoCnN1ZG8gYXB0IHVwZGF0ZSAteQpzdWRvIGFwdCBpbnN0YWxsIGFwYWNoZTIgLXkKc3VkbyB1ZncgYWxsb3cgIkFwYWNoZSI=",
            "dedicated_host_group_id": "",
            "dedicated_host_id": "",
            "disable_password_authentication": true,
            "edge_zone": "",
            "encryption_at_host_enabled": false,
            "eviction_policy": "",
            "extensions_time_budget": "PT1H30M",
            "id": "/subscriptions/42f579f5-4b0e-4be1-9642-734fcdd689bf/resourceGroups/vm-test-group/providers/Microsoft.Compute/virtualMachines/test-vm",
            "identity": [],
            "license_type": "",
            "location": "centralus",
            "max_bid_price": -1,
            "name": "test-vm",
            "network_interface_ids": [
              "/subscriptions/42f579f5-4b0e-4be1-9642-734fcdd689bf/resourceGroups/vm-test-group/providers/Microsoft.Network/networkInterfaces/vm-nic"
            ],
            "os_disk": [
              {
                "caching": "ReadWrite",
                "diff_disk_settings": [],
                "disk_encryption_set_id": "",
                "disk_size_gb": 30,
                "name": "test-vm_OsDisk_1_90541e9bbf3f42f4828cb7e33574ca94",
                "secure_vm_disk_encryption_set_id": "",
                "security_encryption_type": "",
                "storage_account_type": "Standard_LRS",
                "write_accelerator_enabled": false
              }
            ],
            "patch_mode": "ImageDefault",
            "plan": [],
            "platform_fault_domain": -1,
            "priority": "Regular",
            "private_ip_address": "10.0.2.4",
            "private_ip_addresses": [
              "10.0.2.4"
            ],
            "provision_vm_agent": true,
            "proximity_placement_group_id": "",
            "public_ip_address": "",
            "public_ip_addresses": [],
            "resource_group_name": "vm-test-group",
            "secret": [],
            "secure_boot_enabled": false,
            "size": "Standard_B1s",
            "source_image_id": "",
            "source_image_reference": [
              {
                "offer": "UbuntuServer",
                "publisher": "Canonical",
                "sku": "18.04-LTS",
                "version": "latest"
              }
            ],
            "tags": null,
            "termination_notification": null,
            "timeouts": null,
            "user_data": "",
            "virtual_machine_id": "40132579-6aa8-49db-a979-1226d6c8ba43",
            "virtual_machine_scale_set_id": "",
            "vtpm_enabled": false,
            "zone": ""
          },
          "sensitive_attributes": [],
          "private": "eyJlMmJmYjczMC1lY2FhLTExZTYtOGY4OC0zNDM2M2JjN2M0YzAiOnsiY3JlYXRlIjoyNzAwMDAwMDAwMDAwLCJkZWxldGUiOjI3MDAwMDAwMDAwMDAsInJlYWQiOjMwMDAwMDAwMDAwMCwidXBkYXRlIjoyNzAwMDAwMDAwMDAwfX0=",
          "dependencies": [
            "azurerm_network_interface.vm-nic",
            "azurerm_public_ip.lb-ip",
            "azurerm_resource_group.vm-group"
          ]
        }
      ]
    },
    {
      "mode": "managed",
      "type": "azurerm_network_interface",
      "name": "vm-nic",
      "provider": "provider[\"registry.terraform.io/hashicorp/azurerm\"]",
      "instances": [
        {
          "schema_version": 0,
          "attributes": {
            "applied_dns_servers": [],
            "dns_servers": [],
            "edge_zone": "",
            "enable_accelerated_networking": false,
            "enable_ip_forwarding": false,
            "id": "/subscriptions/42f579f5-4b0e-4be1-9642-734fcdd689bf/resourceGroups/vm-test-group/providers/Microsoft.Network/networkInterfaces/vm-nic",
            "internal_dns_name_label": "",
            "internal_domain_name_suffix": "",
            "ip_configuration": [
              {
                "gateway_load_balancer_frontend_ip_configuration_id": "",
                "name": "internal",
                "primary": true,
                "private_ip_address": "10.0.2.4",
                "private_ip_address_allocation": "Dynamic",
                "private_ip_address_version": "IPv4",
                "public_ip_address_id": "",
                "subnet_id": "/subscriptions/42f579f5-4b0e-4be1-9642-734fcdd689bf/resourceGroups/vm-test-group/providers/Microsoft.Network/virtualNetworks/vm-network/subnets/vm-subnet"
              }
            ],
            "location": "centralus",
            "mac_address": "00-0D-3A-9F-06-B2",
            "name": "vm-nic",
            "private_ip_address": "10.0.2.4",
            "private_ip_addresses": [
              "10.0.2.4"
            ],
            "resource_group_name": "vm-test-group",
            "tags": {},
            "timeouts": null,
            "virtual_machine_id": ""
          },
          "sensitive_attributes": [],
          "private": "eyJlMmJmYjczMC1lY2FhLTExZTYtOGY4OC0zNDM2M2JjN2M0YzAiOnsiY3JlYXRlIjoxODAwMDAwMDAwMDAwLCJkZWxldGUiOjE4MDAwMDAwMDAwMDAsInJlYWQiOjMwMDAwMDAwMDAwMCwidXBkYXRlIjoxODAwMDAwMDAwMDAwfX0=",
          "dependencies": [
            "azurerm_resource_group.vm-group",
            "azurerm_subnet.vm-subnet",
            "azurerm_virtual_network.vm-network"
          ]
        }
      ]
    },
    {
      "mode": "managed",
      "type": "azurerm_network_interface_backend_address_pool_association",
      "name": "connect",
      "provider": "provider[\"registry.terraform.io/hashicorp/azurerm\"]",
      "instances": [
        {
          "schema_version": 0,
          "attributes": {
            "backend_address_pool_id": "/subscriptions/42f579f5-4b0e-4be1-9642-734fcdd689bf/resourceGroups/vm-test-group/providers/Microsoft.Network/loadBalancers/LoadBal/backendAddressPools/backend-address-pool",
            "id": "/subscriptions/42f579f5-4b0e-4be1-9642-734fcdd689bf/resourceGroups/vm-test-group/providers/Microsoft.Network/networkInterfaces/vm-nic/ipConfigurations/internal|/subscriptions/42f579f5-4b0e-4be1-9642-734fcdd689bf/resourceGroups/vm-test-group/providers/Microsoft.Network/loadBalancers/LoadBal/backendAddressPools/backend-address-pool",
            "ip_configuration_name": "internal",
            "network_interface_id": "/subscriptions/42f579f5-4b0e-4be1-9642-734fcdd689bf/resourceGroups/vm-test-group/providers/Microsoft.Network/networkInterfaces/vm-nic",
            "timeouts": null
          },
          "sensitive_attributes": [],
          "private": "eyJlMmJmYjczMC1lY2FhLTExZTYtOGY4OC0zNDM2M2JjN2M0YzAiOnsiY3JlYXRlIjoxODAwMDAwMDAwMDAwLCJkZWxldGUiOjE4MDAwMDAwMDAwMDAsInJlYWQiOjMwMDAwMDAwMDAwMCwidXBkYXRlIjoxODAwMDAwMDAwMDAwfX0=",
          "dependencies": [
            "azurerm_lb.load-bal",
            "azurerm_lb_backend_address_pool.lb-backend",
            "azurerm_network_interface.vm-nic",
            "azurerm_public_ip.lb-ip",
            "azurerm_resource_group.vm-group",
            "azurerm_subnet.vm-subnet",
            "azurerm_virtual_network.vm-network"
          ]
        }
      ]
    },
    {
      "mode": "managed",
      "type": "azurerm_network_interface_nat_rule_association",
      "name": "nat-connect",
      "provider": "provider[\"registry.terraform.io/hashicorp/azurerm\"]",
      "instances": [
        {
          "schema_version": 0,
          "attributes": {
            "id": "/subscriptions/42f579f5-4b0e-4be1-9642-734fcdd689bf/resourceGroups/vm-test-group/providers/Microsoft.Network/networkInterfaces/vm-nic/ipConfigurations/internal|/subscriptions/42f579f5-4b0e-4be1-9642-734fcdd689bf/resourceGroups/vm-test-group/providers/Microsoft.Network/loadBalancers/LoadBal/inboundNatRules/ssh",
            "ip_configuration_name": "internal",
            "nat_rule_id": "/subscriptions/42f579f5-4b0e-4be1-9642-734fcdd689bf/resourceGroups/vm-test-group/providers/Microsoft.Network/loadBalancers/LoadBal/inboundNatRules/ssh",
            "network_interface_id": "/subscriptions/42f579f5-4b0e-4be1-9642-734fcdd689bf/resourceGroups/vm-test-group/providers/Microsoft.Network/networkInterfaces/vm-nic",
            "timeouts": null
          },
          "sensitive_attributes": [],
          "private": "eyJlMmJmYjczMC1lY2FhLTExZTYtOGY4OC0zNDM2M2JjN2M0YzAiOnsiY3JlYXRlIjoxODAwMDAwMDAwMDAwLCJkZWxldGUiOjE4MDAwMDAwMDAwMDAsInJlYWQiOjMwMDAwMDAwMDAwMCwidXBkYXRlIjoxODAwMDAwMDAwMDAwfX0=",
          "dependencies": [
            "azurerm_lb.load-bal",
            "azurerm_lb_nat_rule.ssh-rule",
            "azurerm_network_interface.vm-nic",
            "azurerm_public_ip.lb-ip",
            "azurerm_resource_group.vm-group",
            "azurerm_subnet.vm-subnet",
            "azurerm_virtual_network.vm-network"
          ]
        }
      ]
    },
    {
      "mode": "managed",
      "type": "azurerm_public_ip",
      "name": "lb-ip",
      "provider": "provider[\"registry.terraform.io/hashicorp/azurerm\"]",
      "instances": [
        {
          "schema_version": 0,
          "attributes": {
            "allocation_method": "Static",
            "domain_name_label": null,
            "edge_zone": "",
            "fqdn": null,
            "id": "/subscriptions/42f579f5-4b0e-4be1-9642-734fcdd689bf/resourceGroups/vm-test-group/providers/Microsoft.Network/publicIPAddresses/lb-ip",
            "idle_timeout_in_minutes": 4,
            "ip_address": "13.89.217.76",
            "ip_tags": {},
            "ip_version": "IPv4",
            "location": "centralus",
            "name": "lb-ip",
            "public_ip_prefix_id": null,
            "resource_group_name": "vm-test-group",
            "reverse_fqdn": null,
            "sku": "Basic",
            "sku_tier": "Regional",
            "tags": {},
            "timeouts": null,
            "zones": []
          },
          "sensitive_attributes": [],
          "private": "eyJlMmJmYjczMC1lY2FhLTExZTYtOGY4OC0zNDM2M2JjN2M0YzAiOnsiY3JlYXRlIjoxODAwMDAwMDAwMDAwLCJkZWxldGUiOjE4MDAwMDAwMDAwMDAsInJlYWQiOjMwMDAwMDAwMDAwMCwidXBkYXRlIjoxODAwMDAwMDAwMDAwfX0=",
          "dependencies": [
            "azurerm_resource_group.vm-group"
          ]
        }
      ]
    },
    {
      "mode": "managed",
      "type": "azurerm_resource_group",
      "name": "vm-group",
      "provider": "provider[\"registry.terraform.io/hashicorp/azurerm\"]",
      "instances": [
        {
          "schema_version": 0,
          "attributes": {
            "id": "/subscriptions/42f579f5-4b0e-4be1-9642-734fcdd689bf/resourceGroups/vm-test-group",
            "location": "centralus",
            "name": "vm-test-group",
            "tags": {},
            "timeouts": null
          },
          "sensitive_attributes": [],
          "private": "eyJlMmJmYjczMC1lY2FhLTExZTYtOGY4OC0zNDM2M2JjN2M0YzAiOnsiY3JlYXRlIjo1NDAwMDAwMDAwMDAwLCJkZWxldGUiOjU0MDAwMDAwMDAwMDAsInJlYWQiOjMwMDAwMDAwMDAwMCwidXBkYXRlIjo1NDAwMDAwMDAwMDAwfX0="
        }
      ]
    },
    {
      "mode": "managed",
      "type": "azurerm_subnet",
      "name": "vm-subnet",
      "provider": "provider[\"registry.terraform.io/hashicorp/azurerm\"]",
      "instances": [
        {
          "schema_version": 0,
          "attributes": {
            "address_prefixes": [
              "10.0.2.0/24"
            ],
            "delegation": [],
            "enforce_private_link_endpoint_network_policies": false,
            "enforce_private_link_service_network_policies": false,
            "id": "/subscriptions/42f579f5-4b0e-4be1-9642-734fcdd689bf/resourceGroups/vm-test-group/providers/Microsoft.Network/virtualNetworks/vm-network/subnets/vm-subnet",
            "name": "vm-subnet",
            "resource_group_name": "vm-test-group",
            "service_endpoint_policy_ids": [],
            "service_endpoints": [],
            "timeouts": null,
            "virtual_network_name": "vm-network"
          },
          "sensitive_attributes": [],
          "private": "eyJlMmJmYjczMC1lY2FhLTExZTYtOGY4OC0zNDM2M2JjN2M0YzAiOnsiY3JlYXRlIjoxODAwMDAwMDAwMDAwLCJkZWxldGUiOjE4MDAwMDAwMDAwMDAsInJlYWQiOjMwMDAwMDAwMDAwMCwidXBkYXRlIjoxODAwMDAwMDAwMDAwfX0=",
          "dependencies": [
            "azurerm_resource_group.vm-group",
            "azurerm_virtual_network.vm-network"
          ]
        }
      ]
    },
    {
      "mode": "managed",
      "type": "azurerm_virtual_network",
      "name": "vm-network",
      "provider": "provider[\"registry.terraform.io/hashicorp/azurerm\"]",
      "instances": [
        {
          "schema_version": 0,
          "attributes": {
            "address_space": [
              "10.0.0.0/16"
            ],
            "bgp_community": "",
            "ddos_protection_plan": [],
            "dns_servers": [],
            "edge_zone": "",
            "flow_timeout_in_minutes": 0,
            "guid": "07241b93-3695-4d00-866d-90bd1a2dfb52",
            "id": "/subscriptions/42f579f5-4b0e-4be1-9642-734fcdd689bf/resourceGroups/vm-test-group/providers/Microsoft.Network/virtualNetworks/vm-network",
            "location": "centralus",
            "name": "vm-network",
            "resource_group_name": "vm-test-group",
            "subnet": [
              {
                "address_prefix": "10.0.2.0/24",
                "id": "/subscriptions/42f579f5-4b0e-4be1-9642-734fcdd689bf/resourceGroups/vm-test-group/providers/Microsoft.Network/virtualNetworks/vm-network/subnets/vm-subnet",
                "name": "vm-subnet",
                "security_group": ""
              }
            ],
            "tags": {},
            "timeouts": null
          },
          "sensitive_attributes": [],
          "private": "eyJlMmJmYjczMC1lY2FhLTExZTYtOGY4OC0zNDM2M2JjN2M0YzAiOnsiY3JlYXRlIjoxODAwMDAwMDAwMDAwLCJkZWxldGUiOjE4MDAwMDAwMDAwMDAsInJlYWQiOjMwMDAwMDAwMDAwMCwidXBkYXRlIjoxODAwMDAwMDAwMDAwfX0=",
          "dependencies": [
            "azurerm_resource_group.vm-group"
          ]
        }
      ]
    },
    {
      "mode": "managed",
      "type": "time_sleep",
      "name": "move",
      "provider": "provider[\"registry.terraform.io/hashicorp/time\"]",
      "instances": [
        {
          "schema_version": 0,
          "attributes": {
            "create_duration": "1m",
            "destroy_duration": null,
            "id": "2022-06-15T15:19:36Z",
            "triggers": null
          },
          "sensitive_attributes": [],
          "private": "bnVsbA==",
          "dependencies": [
            "azurerm_linux_virtual_machine.linux-vm",
            "azurerm_network_interface.vm-nic",
            "azurerm_public_ip.lb-ip",
            "azurerm_resource_group.vm-group"
          ]
        }
      ]
    }
  ]
}
